// !$*UTF8*$!
{
	archiveVersion = 1;
	classes = {
	};
	objectVersion = 56;
	objects = {

/* Begin PBXBuildFile section */
		FA54317929A41B3B00314576 /* KafkaGameApp.swift in Sources */ = {isa = PBXBuildFile; fileRef = FA54317829A41B3B00314576 /* KafkaGameApp.swift */; };
		FA54317B29A41B3B00314576 /* ContentView.swift in Sources */ = {isa = PBXBuildFile; fileRef = FA54317A29A41B3B00314576 /* ContentView.swift */; };
		FA54317D29A41B3C00314576 /* Assets.xcassets in Resources */ = {isa = PBXBuildFile; fileRef = FA54317C29A41B3C00314576 /* Assets.xcassets */; };
		FA54318029A41B3C00314576 /* Preview Assets.xcassets in Resources */ = {isa = PBXBuildFile; fileRef = FA54317F29A41B3C00314576 /* Preview Assets.xcassets */; };
		FA54318729A4305F00314576 /* HTTP.swift in Sources */ = {isa = PBXBuildFile; fileRef = FA54318629A4305F00314576 /* HTTP.swift */; };
		FA54318A29A430A500314576 /* SwiftyJSON in Frameworks */ = {isa = PBXBuildFile; productRef = FA54318929A430A500314576 /* SwiftyJSON */; };
		FA54318C29A430CF00314576 /* Log.swift in Sources */ = {isa = PBXBuildFile; fileRef = FA54318B29A430CE00314576 /* Log.swift */; };
		FA54318E29A4316900314576 /* StringError.swift in Sources */ = {isa = PBXBuildFile; fileRef = FA54318D29A4316900314576 /* StringError.swift */; };
		FA54319629A5548000314576 /* AlertToast in Frameworks */ = {isa = PBXBuildFile; productRef = FA54319529A5548000314576 /* AlertToast */; };
/* End PBXBuildFile section */

/* Begin PBXFileReference section */
		FA54317529A41B3B00314576 /* KafkaGame.app */ = {isa = PBXFileReference; explicitFileType = wrapper.application; includeInIndex = 0; path = KafkaGame.app; sourceTree = BUILT_PRODUCTS_DIR; };
		FA54317829A41B3B00314576 /* KafkaGameApp.swift */ = {isa = PBXFileReference; lastKnownFileType = sourcecode.swift; path = KafkaGameApp.swift; sourceTree = "<group>"; };
		FA54317A29A41B3B00314576 /* ContentView.swift */ = {isa = PBXFileReference; lastKnownFileType = sourcecode.swift; path = ContentView.swift; sourceTree = "<group>"; };
		FA54317C29A41B3C00314576 /* Assets.xcassets */ = {isa = PBXFileReference; lastKnownFileType = folder.assetcatalog; path = Assets.xcassets; sourceTree = "<group>"; };
		FA54317F29A41B3C00314576 /* Preview Assets.xcassets */ = {isa = PBXFileReference; lastKnownFileType = folder.assetcatalog; path = "Preview Assets.xcassets"; sourceTree = "<group>"; };
		FA54318629A4305F00314576 /* HTTP.swift */ = {isa = PBXFileReference; lastKnownFileType = sourcecode.swift; path = HTTP.swift; sourceTree = "<group>"; };
		FA54318B29A430CE00314576 /* Log.swift */ = {isa = PBXFileReference; lastKnownFileType = sourcecode.swift; path = Log.swift; sourceTree = "<group>"; };
		FA54318D29A4316900314576 /* StringError.swift */ = {isa = PBXFileReference; lastKnownFileType = sourcecode.swift; path = StringError.swift; sourceTree = "<group>"; };
/* End PBXFileReference section */

/* Begin PBXFrameworksBuildPhase section */
		FA54317229A41B3B00314576 /* Frameworks */ = {
			isa = PBXFrameworksBuildPhase;
			buildActionMask = 2147483647;
			files = (
				FA54318A29A430A500314576 /* SwiftyJSON in Frameworks */,
				FA54319629A5548000314576 /* AlertToast in Frameworks */,
			);
			runOnlyForDeploymentPostprocessing = 0;
		};
/* End PBXFrameworksBuildPhase section */

/* Begin PBXGroup section */
		FA54316C29A41B3B00314576 = {
			isa = PBXGroup;
			children = (
				FA54317729A41B3B00314576 /* KafkaGame */,
				FA54317629A41B3B00314576 /* Products */,
			);
			sourceTree = "<group>";
		};
		FA54317629A41B3B00314576 /* Products */ = {
			isa = PBXGroup;
			children = (
				FA54317529A41B3B00314576 /* KafkaGame.app */,
			);
			name = Products;
			sourceTree = "<group>";
		};
		FA54317729A41B3B00314576 /* KafkaGame */ = {
			isa = PBXGroup;
			children = (
				FA54317829A41B3B00314576 /* KafkaGameApp.swift */,
				FA54317A29A41B3B00314576 /* ContentView.swift */,
				FA54317C29A41B3C00314576 /* Assets.xcassets */,
				FA54317E29A41B3C00314576 /* Preview Content */,
				FA54318629A4305F00314576 /* HTTP.swift */,
				FA54318B29A430CE00314576 /* Log.swift */,
				FA54318D29A4316900314576 /* StringError.swift */,
			);
			path = KafkaGame;
			sourceTree = "<group>";
		};
		FA54317E29A41B3C00314576 /* Preview Content */ = {
			isa = PBXGroup;
			children = (
				FA54317F29A41B3C00314576 /* Preview Assets.xcassets */,
			);
			path = "Preview Content";
			sourceTree = "<group>";
		};
/* End PBXGroup section */

/* Begin PBXNativeTarget section */
		FA54317429A41B3B00314576 /* KafkaGame */ = {
			isa = PBXNativeTarget;
			buildConfigurationList = FA54318329A41B3C00314576 /* Build configuration list for PBXNativeTarget "KafkaGame" */;
			buildPhases = (
				FA54317129A41B3B00314576 /* Sources */,
				FA54317229A41B3B00314576 /* Frameworks */,
				FA54317329A41B3B00314576 /* Resources */,
			);
			buildRules = (
			);
			dependencies = (
			);
			name = KafkaGame;
			packageProductDependencies = (
				FA54318929A430A500314576 /* SwiftyJSON */,
				FA54319529A5548000314576 /* AlertToast */,
			);
			productName = KafkaGame;
			productReference = FA54317529A41B3B00314576 /* KafkaGame.app */;
			productType = "com.apple.product-type.application";
		};
/* End PBXNativeTarget section */

/* Begin PBXProject section */
		FA54316D29A41B3B00314576 /* Project object */ = {
			isa = PBXProject;
			attributes = {
				BuildIndependentTargetsInParallel = 1;
				LastSwiftUpdateCheck = 1420;
				LastUpgradeCheck = 1420;
				TargetAttributes = {
					FA54317429A41B3B00314576 = {
						CreatedOnToolsVersion = 14.2;
					};
				};
			};
			buildConfigurationList = FA54317029A41B3B00314576 /* Build configuration list for PBXProject "KafkaGame" */;
			compatibilityVersion = "Xcode 14.0";
			developmentRegion = en;
			hasScannedForEncodings = 0;
			knownRegions = (
				en,
				Base,
			);
			mainGroup = FA54316C29A41B3B00314576;
			packageReferences = (
				FA54318829A430A400314576 /* XCRemoteSwiftPackageReference "SwiftyJSON" */,
				FA54319429A5548000314576 /* XCRemoteSwiftPackageReference "AlertToast" */,
			);
			productRefGroup = FA54317629A41B3B00314576 /* Products */;
			projectDirPath = "";
			projectRoot = "";
			targets = (
				FA54317429A41B3B00314576 /* KafkaGame */,
			);
		};
/* End PBXProject section */

/* Begin PBXResourcesBuildPhase section */
		FA54317329A41B3B00314576 /* Resources */ = {
			isa = PBXResourcesBuildPhase;
			buildActionMask = 2147483647;
			files = (
				FA54318029A41B3C00314576 /* Preview Assets.xcassets in Resources */,
				FA54317D29A41B3C00314576 /* Assets.xcassets in Resources */,
			);
			runOnlyForDeploymentPostprocessing = 0;
		};
/* End PBXResourcesBuildPhase section */

/* Begin PBXSourcesBuildPhase section */
		FA54317129A41B3B00314576 /* Sources */ = {
			isa = PBXSourcesBuildPhase;
			buildActionMask = 2147483647;
			files = (
				FA54318E29A4316900314576 /* StringError.swift in Sources */,
				FA54318729A4305F00314576 /* HTTP.swift in Sources */,
				FA54317B29A41B3B00314576 /* ContentView.swift in Sources */,
				FA54318C29A430CF00314576 /* Log.swift in Sources */,
				FA54317929A41B3B00314576 /* KafkaGameApp.swift in Sources */,
			);
			runOnlyForDeploymentPostprocessing = 0;
		};
/* End PBXSourcesBuildPhase section */

/* Begin XCBuildConfiguration section */
		FA54318129A41B3C00314576 /* Debug */ = {
			isa = XCBuildConfiguration;
			buildSettings = {
				ALWAYS_SEARCH_USER_PATHS = NO;
				CLANG_ANALYZER_NONNULL = YES;
				CLANG_ANALYZER_NUMBER_OBJECT_CONVERSION = YES_AGGRESSIVE;
				CLANG_CXX_LANGUAGE_STANDARD = "gnu++20";
				CLANG_ENABLE_MODULES = YES;
				CLANG_ENABLE_OBJC_ARC = YES;
				CLANG_ENABLE_OBJC_WEAK = YES;
				CLANG_WARN_BLOCK_CAPTURE_AUTORELEASING = YES;
				CLANG_WARN_BOOL_CONVERSION = YES;
				CLANG_WARN_COMMA = YES;
				CLANG_WARN_CONSTANT_CONVERSION = YES;
				CLANG_WARN_DEPRECATED_OBJC_IMPLEMENTATIONS = YES;
				CLANG_WARN_DIRECT_OBJC_ISA_USAGE = YES_ERROR;
				CLANG_WARN_DOCUMENTATION_COMMENTS = YES;
				CLANG_WARN_EMPTY_BODY = YES;
				CLANG_WARN_ENUM_CONVERSION = YES;
				CLANG_WARN_INFINITE_RECURSION = YES;
				CLANG_WARN_INT_CONVERSION = YES;
				CLANG_WARN_NON_LITERAL_NULL_CONVERSION = YES;
				CLANG_WARN_OBJC_IMPLICIT_RETAIN_SELF = YES;
				CLANG_WARN_OBJC_LITERAL_CONVERSION = YES;
				CLANG_WARN_OBJC_ROOT_CLASS = YES_ERROR;
				CLANG_WARN_QUOTED_INCLUDE_IN_FRAMEWORK_HEADER = YES;
				CLANG_WARN_RANGE_LOOP_ANALYSIS = YES;
				CLANG_WARN_STRICT_PROTOTYPES = YES;
				CLANG_WARN_SUSPICIOUS_MOVE = YES;
				CLANG_WARN_UNGUARDED_AVAILABILITY = YES_AGGRESSIVE;
				CLANG_WARN_UNREACHABLE_CODE = YES;
				CLANG_WARN__DUPLICATE_METHOD_MATCH = YES;
				COPY_PHASE_STRIP = NO;
				DEBUG_INFORMATION_FORMAT = dwarf;
				ENABLE_STRICT_OBJC_MSGSEND = YES;
				ENABLE_TESTABILITY = YES;
				GCC_C_LANGUAGE_STANDARD = gnu11;
				GCC_DYNAMIC_NO_PIC = NO;
				GCC_NO_COMMON_BLOCKS = YES;
				GCC_OPTIMIZATION_LEVEL = 0;
				GCC_PREPROCESSOR_DEFINITIONS = (
					"DEBUG=1",
					"$(inherited)",
				);
				GCC_WARN_64_TO_32_BIT_CONVERSION = YES;
				GCC_WARN_ABOUT_RETURN_TYPE = YES_ERROR;
				GCC_WARN_UNDECLARED_SELECTOR = YES;
				GCC_WARN_UNINITIALIZED_AUTOS = YES_AGGRESSIVE;
				GCC_WARN_UNUSED_FUNCTION = YES;
				GCC_WARN_UNUSED_VARIABLE = YES;
				IPHONEOS_DEPLOYMENT_TARGET = 16.2;
				MTL_ENABLE_DEBUG_INFO = INCLUDE_SOURCE;
				MTL_FAST_MATH = YES;
				ONLY_ACTIVE_ARCH = YES;
				SDKROOT = iphoneos;
				SWIFT_ACTIVE_COMPILATION_CONDITIONS = DEBUG;
				SWIFT_OPTIMIZATION_LEVEL = "-Onone";
			};
			name = Debug;
		};
		FA54318229A41B3C00314576 /* Release */ = {
			isa = XCBuildConfiguration;
			buildSettings = {
				ALWAYS_SEARCH_USER_PATHS = NO;
				CLANG_ANALYZER_NONNULL = YES;
				CLANG_ANALYZER_NUMBER_OBJECT_CONVERSION = YES_AGGRESSIVE;
				CLANG_CXX_LANGUAGE_STANDARD = "gnu++20";
				CLANG_ENABLE_MODULES = YES;
				CLANG_ENABLE_OBJC_ARC = YES;
				CLANG_ENABLE_OBJC_WEAK = YES;
				CLANG_WARN_BLOCK_CAPTURE_AUTORELEASING = YES;
				CLANG_WARN_BOOL_CONVERSION = YES;
				CLANG_WARN_COMMA = YES;
				CLANG_WARN_CONSTANT_CONVERSION = YES;
				CLANG_WARN_DEPRECATED_OBJC_IMPLEMENTATIONS = YES;
				CLANG_WARN_DIRECT_OBJC_ISA_USAGE = YES_ERROR;
				CLANG_WARN_DOCUMENTATION_COMMENTS = YES;
				CLANG_WARN_EMPTY_BODY = YES;
				CLANG_WARN_ENUM_CONVERSION = YES;
				CLANG_WARN_INFINITE_RECURSION = YES;
				CLANG_WARN_INT_CONVERSION = YES;
				CLANG_WARN_NON_LITERAL_NULL_CONVERSION = YES;
				CLANG_WARN_OBJC_IMPLICIT_RETAIN_SELF = YES;
				CLANG_WARN_OBJC_LITERAL_CONVERSION = YES;
				CLANG_WARN_OBJC_ROOT_CLASS = YES_ERROR;
				CLANG_WARN_QUOTED_INCLUDE_IN_FRAMEWORK_HEADER = YES;
				CLANG_WARN_RANGE_LOOP_ANALYSIS = YES;
				CLANG_WARN_STRICT_PROTOTYPES = YES;
				CLANG_WARN_SUSPICIOUS_MOVE = YES;
				CLANG_WARN_UNGUARDED_AVAILABILITY = YES_AGGRESSIVE;
				CLANG_WARN_UNREACHABLE_CODE = YES;
				CLANG_WARN__DUPLICATE_METHOD_MATCH = YES;
				COPY_PHASE_STRIP = NO;
				DEBUG_INFORMATION_FORMAT = "dwarf-with-dsym";
				ENABLE_NS_ASSERTIONS = NO;
				ENABLE_STRICT_OBJC_MSGSEND = YES;
				GCC_C_LANGUAGE_STANDARD = gnu11;
				GCC_NO_COMMON_BLOCKS = YES;
				GCC_WARN_64_TO_32_BIT_CONVERSION = YES;
				GCC_WARN_ABOUT_RETURN_TYPE = YES_ERROR;
				GCC_WARN_UNDECLARED_SELECTOR = YES;
				GCC_WARN_UNINITIALIZED_AUTOS = YES_AGGRESSIVE;
				GCC_WARN_UNUSED_FUNCTION = YES;
				GCC_WARN_UNUSED_VARIABLE = YES;
				IPHONEOS_DEPLOYMENT_TARGET = 16.2;
				MTL_ENABLE_DEBUG_INFO = NO;
				MTL_FAST_MATH = YES;
				SDKROOT = iphoneos;
				SWIFT_COMPILATION_MODE = wholemodule;
				SWIFT_OPTIMIZATION_LEVEL = "-O";
				VALIDATE_PRODUCT = YES;
			};
			name = Release;
		};
		FA54318429A41B3C00314576 /* Debug */ = {
			isa = XCBuildConfiguration;
			buildSettings = {
				ASSETCATALOG_COMPILER_APPICON_NAME = AppIcon;
				ASSETCATALOG_COMPILER_GLOBAL_ACCENT_COLOR_NAME = AccentColor;
				CODE_SIGN_STYLE = Automatic;
				CURRENT_PROJECT_VERSION = 1;
				DEVELOPMENT_ASSET_PATHS = "\"KafkaGame/Preview Content\"";
				ENABLE_PREVIEWS = YES;
				GENERATE_INFOPLIST_FILE = YES;
				INFOPLIST_KEY_UIApplicationSceneManifest_Generation = YES;
				INFOPLIST_KEY_UIApplicationSupportsIndirectInputEvents = YES;
				INFOPLIST_KEY_UILaunchScreen_Generation = YES;
				INFOPLIST_KEY_UISupportedInterfaceOrientations_iPad = "UIInterfaceOrientationPortrait UIInterfaceOrientationPortraitUpsideDown UIInterfaceOrientationLandscapeLeft UIInterfaceOrientationLandscapeRight";
				INFOPLIST_KEY_UISupportedInterfaceOrientations_iPhone = "UIInterfaceOrientationPortrait UIInterfaceOrientationLandscapeLeft UIInterfaceOrientationLandscapeRight";
				LD_RUNPATH_SEARCH_PATHS = (
					"$(inherited)",
					"@executable_path/Frameworks",
				);
				MARKETING_VERSION = 1.0;
				PRODUCT_BUNDLE_IDENTIFIER = com.example.KafkaGame;
				PRODUCT_NAME = "$(TARGET_NAME)";
				SWIFT_EMIT_LOC_STRINGS = YES;
				SWIFT_VERSION = 5.0;
				TARGETED_DEVICE_FAMILY = "1,2";
			};
			name = Debug;
		};
		FA54318529A41B3C00314576 /* Release */ = {
			isa = XCBuildConfiguration;
			buildSettings = {
				ASSETCATALOG_COMPILER_APPICON_NAME = AppIcon;
				ASSETCATALOG_COMPILER_GLOBAL_ACCENT_COLOR_NAME = AccentColor;
				CODE_SIGN_STYLE = Automatic;
				CURRENT_PROJECT_VERSION = 1;
				DEVELOPMENT_ASSET_PATHS = "\"KafkaGame/Preview Content\"";
				ENABLE_PREVIEWS = YES;
				GENERATE_INFOPLIST_FILE = YES;
				INFOPLIST_KEY_UIApplicationSceneManifest_Generation = YES;
				INFOPLIST_KEY_UIApplicationSupportsIndirectInputEvents = YES;
				INFOPLIST_KEY_UILaunchScreen_Generation = YES;
				INFOPLIST_KEY_UISupportedInterfaceOrientations_iPad = "UIInterfaceOrientationPortrait UIInterfaceOrientationPortraitUpsideDown UIInterfaceOrientationLandscapeLeft UIInterfaceOrientationLandscapeRight";
				INFOPLIST_KEY_UISupportedInterfaceOrientations_iPhone = "UIInterfaceOrientationPortrait UIInterfaceOrientationLandscapeLeft UIInterfaceOrientationLandscapeRight";
				LD_RUNPATH_SEARCH_PATHS = (
					"$(inherited)",
					"@executable_path/Frameworks",
				);
				MARKETING_VERSION = 1.0;
				PRODUCT_BUNDLE_IDENTIFIER = com.example.KafkaGame;
				PRODUCT_NAME = "$(TARGET_NAME)";
				SWIFT_EMIT_LOC_STRINGS = YES;
				SWIFT_VERSION = 5.0;
				TARGETED_DEVICE_FAMILY = "1,2";
			};
			name = Release;
		};
/* End XCBuildConfiguration section */

/* Begin XCConfigurationList section */
		FA54317029A41B3B00314576 /* Build configuration list for PBXProject "KafkaGame" */ = {
			isa = XCConfigurationList;
			buildConfigurations = (
				FA54318129A41B3C00314576 /* Debug */,
				FA54318229A41B3C00314576 /* Release */,
			);
			defaultConfigurationIsVisible = 0;
			defaultConfigurationName = Release;
		};
		FA54318329A41B3C00314576 /* Build configuration list for PBXNativeTarget "KafkaGame" */ = {
			isa = XCConfigurationList;
			buildConfigurations = (
				FA54318429A41B3C00314576 /* Debug */,
				FA54318529A41B3C00314576 /* Release */,
			);
			defaultConfigurationIsVisible = 0;
			defaultConfigurationName = Release;
		};
/* End XCConfigurationList section */

/* Begin XCRemoteSwiftPackageReference section */
		FA54318829A430A400314576 /* XCRemoteSwiftPackageReference "SwiftyJSON" */ = {
			isa = XCRemoteSwiftPackageReference;
			repositoryURL = "https://github.com/SwiftyJSON/SwiftyJSON.git";
			requirement = {
				kind = upToNextMajorVersion;
				minimumVersion = 5.0.0;
			};
		};
		FA54319429A5548000314576 /* XCRemoteSwiftPackageReference "AlertToast" */ = {
			isa = XCRemoteSwiftPackageReference;
			repositoryURL = "https://github.com/elai950/AlertToast.git";
			requirement = {
				kind = upToNextMajorVersion;
				minimumVersion = 1.0.0;
			};
		};
/* End XCRemoteSwiftPackageReference section */

/* Begin XCSwiftPackageProductDependency section */
		FA54318929A430A500314576 /* SwiftyJSON */ = {
			isa = XCSwiftPackageProductDependency;
			package = FA54318829A430A400314576 /* XCRemoteSwiftPackageReference "SwiftyJSON" */;
			productName = SwiftyJSON;
		};
		FA54319529A5548000314576 /* AlertToast */ = {
			isa = XCSwiftPackageProductDependency;
			package = FA54319429A5548000314576 /* XCRemoteSwiftPackageReference "AlertToast" */;
			productName = AlertToast;
		};
/* End XCSwiftPackageProductDependency section */
	};
	rootObject = FA54316D29A41B3B00314576 /* Project object */;
}
